{
  "name": "cookbook_app",
  "requires": true,
  "lockfileVersion": 1,
  "dependencies": {
    "vue2-filters": {
      "version": "0.4.1",
      "resolved": "https://registry.npmjs.org/vue2-filters/-/vue2-filters-0.4.1.tgz",
      "integrity": "sha512-I4r3oZ7u4DBjHr6+DhRBG8I/BWPnu45Z3D5nDSyHMYxOrpSN7g7ZetZoVZ366spxw1w0Dj8e2XlvAGev8sePqg=="
    }
  }
}
